// !$*UTF8*$!
{
	archiveVersion = 1;
	classes = {
	};
	objectVersion = 50;
	objects = {

/* Begin PBXBuildFile section */
		FAF046F825741D6E00EB5018 /* AppDelegate.swift in Sources */ = {isa = PBXBuildFile; fileRef = FAF046F725741D6E00EB5018 /* AppDelegate.swift */; };
		FAF046FA25741D6E00EB5018 /* SceneDelegate.swift in Sources */ = {isa = PBXBuildFile; fileRef = FAF046F925741D6E00EB5018 /* SceneDelegate.swift */; };
		FAF046FF25741D6E00EB5018 /* Main.storyboard in Resources */ = {isa = PBXBuildFile; fileRef = FAF046FD25741D6E00EB5018 /* Main.storyboard */; };
		FAF0470125741D7000EB5018 /* Assets.xcassets in Resources */ = {isa = PBXBuildFile; fileRef = FAF0470025741D7000EB5018 /* Assets.xcassets */; };
		FAF0470425741D7000EB5018 /* LaunchScreen.storyboard in Resources */ = {isa = PBXBuildFile; fileRef = FAF0470225741D7000EB5018 /* LaunchScreen.storyboard */; };
		FAF0470C257423B800EB5018 /* TweetViewController.swift in Sources */ = {isa = PBXBuildFile; fileRef = FAF0470B257423B800EB5018 /* TweetViewController.swift */; };
		FAF0470E2574245100EB5018 /* ComposeViewController.swift in Sources */ = {isa = PBXBuildFile; fileRef = FAF0470D2574245100EB5018 /* ComposeViewController.swift */; };
		FAF04711257425AC00EB5018 /* AccountsViewController.swift in Sources */ = {isa = PBXBuildFile; fileRef = FAF04710257425AC00EB5018 /* AccountsViewController.swift */; };
		FAF04713257425C900EB5018 /* FeedViewController.swift in Sources */ = {isa = PBXBuildFile; fileRef = FAF04712257425C900EB5018 /* FeedViewController.swift */; };
/* End PBXBuildFile section */

/* Begin PBXFileReference section */
		FAF046F425741D6E00EB5018 /* SocialApp.app */ = {isa = PBXFileReference; explicitFileType = wrapper.application; includeInIndex = 0; path = SocialApp.app; sourceTree = BUILT_PRODUCTS_DIR; };
		FAF046F725741D6E00EB5018 /* AppDelegate.swift */ = {isa = PBXFileReference; lastKnownFileType = sourcecode.swift; path = AppDelegate.swift; sourceTree = "<group>"; };
		FAF046F925741D6E00EB5018 /* SceneDelegate.swift */ = {isa = PBXFileReference; lastKnownFileType = sourcecode.swift; path = SceneDelegate.swift; sourceTree = "<group>"; };
		FAF046FE25741D6E00EB5018 /* Base */ = {isa = PBXFileReference; lastKnownFileType = file.storyboard; name = Base; path = Base.lproj/Main.storyboard; sourceTree = "<group>"; };
		FAF0470025741D7000EB5018 /* Assets.xcassets */ = {isa = PBXFileReference; lastKnownFileType = folder.assetcatalog; path = Assets.xcassets; sourceTree = "<group>"; };
		FAF0470325741D7000EB5018 /* Base */ = {isa = PBXFileReference; lastKnownFileType = file.storyboard; name = Base; path = Base.lproj/LaunchScreen.storyboard; sourceTree = "<group>"; };
		FAF0470525741D7000EB5018 /* Info.plist */ = {isa = PBXFileReference; lastKnownFileType = text.plist.xml; path = Info.plist; sourceTree = "<group>"; };
		FAF0470B257423B800EB5018 /* TweetViewController.swift */ = {isa = PBXFileReference; lastKnownFileType = sourcecode.swift; path = TweetViewController.swift; sourceTree = "<group>"; };
		FAF0470D2574245100EB5018 /* ComposeViewController.swift */ = {isa = PBXFileReference; lastKnownFileType = sourcecode.swift; path = ComposeViewController.swift; sourceTree = "<group>"; };
		FAF04710257425AC00EB5018 /* AccountsViewController.swift */ = {isa = PBXFileReference; lastKnownFileType = sourcecode.swift; path = AccountsViewController.swift; sourceTree = "<group>"; };
		FAF04712257425C900EB5018 /* FeedViewController.swift */ = {isa = PBXFileReference; lastKnownFileType = sourcecode.swift; path = FeedViewController.swift; sourceTree = "<group>"; };
/* End PBXFileReference section */

/* Begin PBXFrameworksBuildPhase section */
		FAF046F125741D6E00EB5018 /* Frameworks */ = {
			isa = PBXFrameworksBuildPhase;
			buildActionMask = 2147483647;
			files = (
			);
			runOnlyForDeploymentPostprocessing = 0;
		};
/* End PBXFrameworksBuildPhase section */

/* Begin PBXGroup section */
		FAF046EB25741D6D00EB5018 = {
			isa = PBXGroup;
			children = (
				FAF046F625741D6E00EB5018 /* SocialApp */,
				FAF046F525741D6E00EB5018 /* Products */,
			);
			sourceTree = "<group>";
		};
		FAF046F525741D6E00EB5018 /* Products */ = {
			isa = PBXGroup;
			children = (
				FAF046F425741D6E00EB5018 /* SocialApp.app */,
			);
			name = Products;
			sourceTree = "<group>";
		};
		FAF046F625741D6E00EB5018 /* SocialApp */ = {
			isa = PBXGroup;
			children = (
				FAF046F725741D6E00EB5018 /* AppDelegate.swift */,
				FAF046F925741D6E00EB5018 /* SceneDelegate.swift */,
				FAF046FD25741D6E00EB5018 /* Main.storyboard */,
				FAF0470025741D7000EB5018 /* Assets.xcassets */,
				FAF0470225741D7000EB5018 /* LaunchScreen.storyboard */,
				FAF0470525741D7000EB5018 /* Info.plist */,
				FAF0470F257424BE00EB5018 /* View Controllers */,
			);
			path = SocialApp;
			sourceTree = "<group>";
		};
		FAF0470F257424BE00EB5018 /* View Controllers */ = {
			isa = PBXGroup;
			children = (
				FAF0470B257423B800EB5018 /* TweetViewController.swift */,
				FAF0470D2574245100EB5018 /* ComposeViewController.swift */,
				FAF04710257425AC00EB5018 /* AccountsViewController.swift */,
				FAF04712257425C900EB5018 /* FeedViewController.swift */,
			);
			path = "View Controllers";
			sourceTree = "<group>";
		};
/* End PBXGroup section */

/* Begin PBXNativeTarget section */
		FAF046F325741D6E00EB5018 /* SocialApp */ = {
			isa = PBXNativeTarget;
			buildConfigurationList = FAF0470825741D7000EB5018 /* Build configuration list for PBXNativeTarget "SocialApp" */;
			buildPhases = (
				FAF046F025741D6E00EB5018 /* Sources */,
				FAF046F125741D6E00EB5018 /* Frameworks */,
				FAF046F225741D6E00EB5018 /* Resources */,
			);
			buildRules = (
			);
			dependencies = (
			);
			name = SocialApp;
			productName = SocialApp;
			productReference = FAF046F425741D6E00EB5018 /* SocialApp.app */;
			productType = "com.apple.product-type.application";
		};
/* End PBXNativeTarget section */

/* Begin PBXProject section */
		FAF046EC25741D6D00EB5018 /* Project object */ = {
			isa = PBXProject;
			attributes = {
				LastSwiftUpdateCheck = 1130;
				LastUpgradeCheck = 1130;
				ORGANIZATIONNAME = washinson;
				TargetAttributes = {
					FAF046F325741D6E00EB5018 = {
						CreatedOnToolsVersion = 11.3.1;
					};
				};
			};
			buildConfigurationList = FAF046EF25741D6D00EB5018 /* Build configuration list for PBXProject "SocialApp" */;
			compatibilityVersion = "Xcode 9.3";
			developmentRegion = en;
			hasScannedForEncodings = 0;
			knownRegions = (
				en,
				Base,
			);
			mainGroup = FAF046EB25741D6D00EB5018;
			productRefGroup = FAF046F525741D6E00EB5018 /* Products */;
			projectDirPath = "";
			projectRoot = "";
			targets = (
				FAF046F325741D6E00EB5018 /* SocialApp */,
			);
		};
/* End PBXProject section */

/* Begin PBXResourcesBuildPhase section */
		FAF046F225741D6E00EB5018 /* Resources */ = {
			isa = PBXResourcesBuildPhase;
			buildActionMask = 2147483647;
			files = (
				FAF0470425741D7000EB5018 /* LaunchScreen.storyboard in Resources */,
				FAF0470125741D7000EB5018 /* Assets.xcassets in Resources */,
				FAF046FF25741D6E00EB5018 /* Main.storyboard in Resources */,
			);
			runOnlyForDeploymentPostprocessing = 0;
		};
/* End PBXResourcesBuildPhase section */

/* Begin PBXSourcesBuildPhase section */
		FAF046F025741D6E00EB5018 /* Sources */ = {
			isa = PBXSourcesBuildPhase;
			buildActionMask = 2147483647;
			files = (
				FAF046F825741D6E00EB5018 /* AppDelegate.swift in Sources */,
				FAF046FA25741D6E00EB5018 /* SceneDelegate.swift in Sources */,
				FAF04711257425AC00EB5018 /* AccountsViewController.swift in Sources */,
				FAF0470C257423B800EB5018 /* TweetViewController.swift in Sources */,
				FAF04713257425C900EB5018 /* FeedViewController.swift in Sources */,
				FAF0470E2574245100EB5018 /* ComposeViewController.swift in Sources */,
			);
			runOnlyForDeploymentPostprocessing = 0;
		};
/* End PBXSourcesBuildPhase section */

/* Begin PBXVariantGroup section */
		FAF046FD25741D6E00EB5018 /* Main.storyboard */ = {
			isa = PBXVariantGroup;
			children = (
				FAF046FE25741D6E00EB5018 /* Base */,
			);
			name = Main.storyboard;
			sourceTree = "<group>";
		};
		FAF0470225741D7000EB5018 /* LaunchScreen.storyboard */ = {
			isa = PBXVariantGroup;
			children = (
				FAF0470325741D7000EB5018 /* Base */,
			);
			name = LaunchScreen.storyboard;
			sourceTree = "<group>";
		};
/* End PBXVariantGroup section */

/* Begin XCBuildConfiguration section */
		FAF0470625741D7000EB5018 /* Debug */ = {
			isa = XCBuildConfiguration;
			buildSettings = {
				ALWAYS_SEARCH_USER_PATHS = NO;
				CLANG_ANALYZER_NONNULL = YES;
				CLANG_ANALYZER_NUMBER_OBJECT_CONVERSION = YES_AGGRESSIVE;
				CLANG_CXX_LANGUAGE_STANDARD = "gnu++14";
				CLANG_CXX_LIBRARY = "libc++";
				CLANG_ENABLE_MODULES = YES;
				CLANG_ENABLE_OBJC_ARC = YES;
				CLANG_ENABLE_OBJC_WEAK = YES;
				CLANG_WARN_BLOCK_CAPTURE_AUTORELEASING = YES;
				CLANG_WARN_BOOL_CONVERSION = YES;
				CLANG_WARN_COMMA = YES;
				CLANG_WARN_CONSTANT_CONVERSION = YES;
				CLANG_WARN_DEPRECATED_OBJC_IMPLEMENTATIONS = YES;
				CLANG_WARN_DIRECT_OBJC_ISA_USAGE = YES_ERROR;
				CLANG_WARN_DOCUMENTATION_COMMENTS = YES;
				CLANG_WARN_EMPTY_BODY = YES;
				CLANG_WARN_ENUM_CONVERSION = YES;
				CLANG_WARN_INFINITE_RECURSION = YES;
				CLANG_WARN_INT_CONVERSION = YES;
				CLANG_WARN_NON_LITERAL_NULL_CONVERSION = YES;
				CLANG_WARN_OBJC_IMPLICIT_RETAIN_SELF = YES;
				CLANG_WARN_OBJC_LITERAL_CONVERSION = YES;
				CLANG_WARN_OBJC_ROOT_CLASS = YES_ERROR;
				CLANG_WARN_RANGE_LOOP_ANALYSIS = YES;
				CLANG_WARN_STRICT_PROTOTYPES = YES;
				CLANG_WARN_SUSPICIOUS_MOVE = YES;
				CLANG_WARN_UNGUARDED_AVAILABILITY = YES_AGGRESSIVE;
				CLANG_WARN_UNREACHABLE_CODE = YES;
				CLANG_WARN__DUPLICATE_METHOD_MATCH = YES;
				COPY_PHASE_STRIP = NO;
				DEBUG_INFORMATION_FORMAT = dwarf;
				ENABLE_STRICT_OBJC_MSGSEND = YES;
				ENABLE_TESTABILITY = YES;
				GCC_C_LANGUAGE_STANDARD = gnu11;
				GCC_DYNAMIC_NO_PIC = NO;
				GCC_NO_COMMON_BLOCKS = YES;
				GCC_OPTIMIZATION_LEVEL = 0;
				GCC_PREPROCESSOR_DEFINITIONS = (
					"DEBUG=1",
					"$(inherited)",
				);
				GCC_WARN_64_TO_32_BIT_CONVERSION = YES;
				GCC_WARN_ABOUT_RETURN_TYPE = YES_ERROR;
				GCC_WARN_UNDECLARED_SELECTOR = YES;
				GCC_WARN_UNINITIALIZED_AUTOS = YES_AGGRESSIVE;
				GCC_WARN_UNUSED_FUNCTION = YES;
				GCC_WARN_UNUSED_VARIABLE = YES;
				IPHONEOS_DEPLOYMENT_TARGET = 13.2;
				MTL_ENABLE_DEBUG_INFO = INCLUDE_SOURCE;
				MTL_FAST_MATH = YES;
				ONLY_ACTIVE_ARCH = YES;
				SDKROOT = iphoneos;
				SWIFT_ACTIVE_COMPILATION_CONDITIONS = DEBUG;
				SWIFT_OPTIMIZATION_LEVEL = "-Onone";
			};
			name = Debug;
		};
		FAF0470725741D7000EB5018 /* Release */ = {
			isa = XCBuildConfiguration;
			buildSettings = {
				ALWAYS_SEARCH_USER_PATHS = NO;
				CLANG_ANALYZER_NONNULL = YES;
				CLANG_ANALYZER_NUMBER_OBJECT_CONVERSION = YES_AGGRESSIVE;
				CLANG_CXX_LANGUAGE_STANDARD = "gnu++14";
				CLANG_CXX_LIBRARY = "libc++";
				CLANG_ENABLE_MODULES = YES;
				CLANG_ENABLE_OBJC_ARC = YES;
				CLANG_ENABLE_OBJC_WEAK = YES;
				CLANG_WARN_BLOCK_CAPTURE_AUTORELEASING = YES;
				CLANG_WARN_BOOL_CONVERSION = YES;
				CLANG_WARN_COMMA = YES;
				CLANG_WARN_CONSTANT_CONVERSION = YES;
				CLANG_WARN_DEPRECATED_OBJC_IMPLEMENTATIONS = YES;
				CLANG_WARN_DIRECT_OBJC_ISA_USAGE = YES_ERROR;
				CLANG_WARN_DOCUMENTATION_COMMENTS = YES;
				CLANG_WARN_EMPTY_BODY = YES;
				CLANG_WARN_ENUM_CONVERSION = YES;
				CLANG_WARN_INFINITE_RECURSION = YES;
				CLANG_WARN_INT_CONVERSION = YES;
				CLANG_WARN_NON_LITERAL_NULL_CONVERSION = YES;
				CLANG_WARN_OBJC_IMPLICIT_RETAIN_SELF = YES;
				CLANG_WARN_OBJC_LITERAL_CONVERSION = YES;
				CLANG_WARN_OBJC_ROOT_CLASS = YES_ERROR;
				CLANG_WARN_RANGE_LOOP_ANALYSIS = YES;
				CLANG_WARN_STRICT_PROTOTYPES = YES;
				CLANG_WARN_SUSPICIOUS_MOVE = YES;
				CLANG_WARN_UNGUARDED_AVAILABILITY = YES_AGGRESSIVE;
				CLANG_WARN_UNREACHABLE_CODE = YES;
				CLANG_WARN__DUPLICATE_METHOD_MATCH = YES;
				COPY_PHASE_STRIP = NO;
				DEBUG_INFORMATION_FORMAT = "dwarf-with-dsym";
				ENABLE_NS_ASSERTIONS = NO;
				ENABLE_STRICT_OBJC_MSGSEND = YES;
				GCC_C_LANGUAGE_STANDARD = gnu11;
				GCC_NO_COMMON_BLOCKS = YES;
				GCC_WARN_64_TO_32_BIT_CONVERSION = YES;
				GCC_WARN_ABOUT_RETURN_TYPE = YES_ERROR;
				GCC_WARN_UNDECLARED_SELECTOR = YES;
				GCC_WARN_UNINITIALIZED_AUTOS = YES_AGGRESSIVE;
				GCC_WARN_UNUSED_FUNCTION = YES;
				GCC_WARN_UNUSED_VARIABLE = YES;
				IPHONEOS_DEPLOYMENT_TARGET = 13.2;
				MTL_ENABLE_DEBUG_INFO = NO;
				MTL_FAST_MATH = YES;
				SDKROOT = iphoneos;
				SWIFT_COMPILATION_MODE = wholemodule;
				SWIFT_OPTIMIZATION_LEVEL = "-O";
				VALIDATE_PRODUCT = YES;
			};
			name = Release;
		};
		FAF0470925741D7000EB5018 /* Debug */ = {
			isa = XCBuildConfiguration;
			buildSettings = {
				ASSETCATALOG_COMPILER_APPICON_NAME = AppIcon;
				CODE_SIGN_STYLE = Automatic;
				DEVELOPMENT_TEAM = YVF29YMA26;
				INFOPLIST_FILE = SocialApp/Info.plist;
				LD_RUNPATH_SEARCH_PATHS = (
					"$(inherited)",
					"@executable_path/Frameworks",
				);
				PRODUCT_BUNDLE_IDENTIFIER = com.washinson.SocialApp;
				PRODUCT_NAME = "$(TARGET_NAME)";
				SWIFT_VERSION = 5.0;
				TARGETED_DEVICE_FAMILY = "1,2";
			};
			name = Debug;
		};
		FAF0470A25741D7000EB5018 /* Release */ = {
			isa = XCBuildConfiguration;
			buildSettings = {
				ASSETCATALOG_COMPILER_APPICON_NAME = AppIcon;
				CODE_SIGN_STYLE = Automatic;
				DEVELOPMENT_TEAM = YVF29YMA26;
				INFOPLIST_FILE = SocialApp/Info.plist;
				LD_RUNPATH_SEARCH_PATHS = (
					"$(inherited)",
					"@executable_path/Frameworks",
				);
				PRODUCT_BUNDLE_IDENTIFIER = com.washinson.SocialApp;
				PRODUCT_NAME = "$(TARGET_NAME)";
				SWIFT_VERSION = 5.0;
				TARGETED_DEVICE_FAMILY = "1,2";
			};
			name = Release;
		};
/* End XCBuildConfiguration section */

/* Begin XCConfigurationList section */
		FAF046EF25741D6D00EB5018 /* Build configuration list for PBXProject "SocialApp" */ = {
			isa = XCConfigurationList;
			buildConfigurations = (
				FAF0470625741D7000EB5018 /* Debug */,
				FAF0470725741D7000EB5018 /* Release */,
			);
			defaultConfigurationIsVisible = 0;
			defaultConfigurationName = Release;
		};
		FAF0470825741D7000EB5018 /* Build configuration list for PBXNativeTarget "SocialApp" */ = {
			isa = XCConfigurationList;
			buildConfigurations = (
				FAF0470925741D7000EB5018 /* Debug */,
				FAF0470A25741D7000EB5018 /* Release */,
			);
			defaultConfigurationIsVisible = 0;
			defaultConfigurationName = Release;
		};
/* End XCConfigurationList section */
	};
	rootObject = FAF046EC25741D6D00EB5018 /* Project object */;
}
