// !$*UTF8*$!
{
	archiveVersion = 1;
	classes = {
	};
	objectVersion = 50;
	objects = {

/* Begin PBXBuildFile section */
		FAEA5DB125D8304D0040032F /* StickerApp StickerPackExtension.appex in Embed App Extensions */ = {isa = PBXBuildFile; fileRef = FAEA5DB025D8304D0040032F /* StickerApp StickerPackExtension.appex */; settings = {ATTRIBUTES = (RemoveHeadersOnCopy, ); }; };
		FAEA5DB525D8304D0040032F /* Stickers.xcstickers in Resources */ = {isa = PBXBuildFile; fileRef = FAEA5DB425D8304D0040032F /* Stickers.xcstickers */; };
		FAEA5DB625D8304D0040032F /* Stickers.xcstickers in Resources */ = {isa = PBXBuildFile; fileRef = FAEA5DB425D8304D0040032F /* Stickers.xcstickers */; };
		FAF928292586139E0038656B /* AppDelegate.swift in Sources */ = {isa = PBXBuildFile; fileRef = FAF928282586139E0038656B /* AppDelegate.swift */; };
		FAF9282B2586139E0038656B /* SceneDelegate.swift in Sources */ = {isa = PBXBuildFile; fileRef = FAF9282A2586139E0038656B /* SceneDelegate.swift */; };
		FAF9282D2586139E0038656B /* ViewController.swift in Sources */ = {isa = PBXBuildFile; fileRef = FAF9282C2586139E0038656B /* ViewController.swift */; };
		FAF928302586139E0038656B /* Main.storyboard in Resources */ = {isa = PBXBuildFile; fileRef = FAF9282E2586139E0038656B /* Main.storyboard */; };
		FAF92832258613A00038656B /* Assets.xcassets in Resources */ = {isa = PBXBuildFile; fileRef = FAF92831258613A00038656B /* Assets.xcassets */; };
		FAF92835258613A00038656B /* LaunchScreen.storyboard in Resources */ = {isa = PBXBuildFile; fileRef = FAF92833258613A00038656B /* LaunchScreen.storyboard */; };
/* End PBXBuildFile section */

/* Begin PBXContainerItemProxy section */
		FAEA5DB225D8304D0040032F /* PBXContainerItemProxy */ = {
			isa = PBXContainerItemProxy;
			containerPortal = FAF9281D2586139E0038656B /* Project object */;
			proxyType = 1;
			remoteGlobalIDString = FAEA5DAF25D8304D0040032F;
			remoteInfo = "StickerApp StickerPackExtension";
		};
/* End PBXContainerItemProxy section */

/* Begin PBXCopyFilesBuildPhase section */
		FAEA5DB925D8304D0040032F /* Embed App Extensions */ = {
			isa = PBXCopyFilesBuildPhase;
			buildActionMask = 2147483647;
			dstPath = "";
			dstSubfolderSpec = 13;
			files = (
				FAEA5DB125D8304D0040032F /* StickerApp StickerPackExtension.appex in Embed App Extensions */,
			);
			name = "Embed App Extensions";
			runOnlyForDeploymentPostprocessing = 0;
		};
/* End PBXCopyFilesBuildPhase section */

/* Begin PBXFileReference section */
		FAEA5DAD25D8304D0040032F /* StickerApp.app */ = {isa = PBXFileReference; explicitFileType = wrapper.application; includeInIndex = 0; path = StickerApp.app; sourceTree = BUILT_PRODUCTS_DIR; };
		FAEA5DB025D8304D0040032F /* StickerApp StickerPackExtension.appex */ = {isa = PBXFileReference; explicitFileType = "wrapper.app-extension"; includeInIndex = 0; path = "StickerApp StickerPackExtension.appex"; sourceTree = BUILT_PRODUCTS_DIR; };
		FAEA5DB425D8304D0040032F /* Stickers.xcstickers */ = {isa = PBXFileReference; lastKnownFileType = folder.stickers; name = Stickers.xcstickers; path = "StickerApp StickerPackExtension/Stickers.xcstickers"; sourceTree = "<group>"; };
		FAF928252586139E0038656B /* Fintech.app */ = {isa = PBXFileReference; explicitFileType = wrapper.application; includeInIndex = 0; path = Fintech.app; sourceTree = BUILT_PRODUCTS_DIR; };
		FAF928282586139E0038656B /* AppDelegate.swift */ = {isa = PBXFileReference; lastKnownFileType = sourcecode.swift; path = AppDelegate.swift; sourceTree = "<group>"; };
		FAF9282A2586139E0038656B /* SceneDelegate.swift */ = {isa = PBXFileReference; lastKnownFileType = sourcecode.swift; path = SceneDelegate.swift; sourceTree = "<group>"; };
		FAF9282C2586139E0038656B /* ViewController.swift */ = {isa = PBXFileReference; lastKnownFileType = sourcecode.swift; path = ViewController.swift; sourceTree = "<group>"; };
		FAF9282F2586139E0038656B /* Base */ = {isa = PBXFileReference; lastKnownFileType = file.storyboard; name = Base; path = Base.lproj/Main.storyboard; sourceTree = "<group>"; };
		FAF92831258613A00038656B /* Assets.xcassets */ = {isa = PBXFileReference; lastKnownFileType = folder.assetcatalog; path = Assets.xcassets; sourceTree = "<group>"; };
		FAF92834258613A00038656B /* Base */ = {isa = PBXFileReference; lastKnownFileType = file.storyboard; name = Base; path = Base.lproj/LaunchScreen.storyboard; sourceTree = "<group>"; };
		FAF92836258613A00038656B /* Info.plist */ = {isa = PBXFileReference; lastKnownFileType = text.plist.xml; path = Info.plist; sourceTree = "<group>"; };
/* End PBXFileReference section */

/* Begin PBXFrameworksBuildPhase section */
		FAF928222586139E0038656B /* Frameworks */ = {
			isa = PBXFrameworksBuildPhase;
			buildActionMask = 2147483647;
			files = (
			);
			runOnlyForDeploymentPostprocessing = 0;
		};
/* End PBXFrameworksBuildPhase section */

/* Begin PBXGroup section */
		FAF9281C2586139E0038656B = {
			isa = PBXGroup;
			children = (
				FAEA5DB425D8304D0040032F /* Stickers.xcstickers */,
				FAF928272586139E0038656B /* Fintech */,
				FAF928262586139E0038656B /* Products */,
			);
			sourceTree = "<group>";
		};
		FAF928262586139E0038656B /* Products */ = {
			isa = PBXGroup;
			children = (
				FAF928252586139E0038656B /* Fintech.app */,
				FAEA5DAD25D8304D0040032F /* StickerApp.app */,
				FAEA5DB025D8304D0040032F /* StickerApp StickerPackExtension.appex */,
			);
			name = Products;
			sourceTree = "<group>";
		};
		FAF928272586139E0038656B /* Fintech */ = {
			isa = PBXGroup;
			children = (
				FAF928282586139E0038656B /* AppDelegate.swift */,
				FAF9282A2586139E0038656B /* SceneDelegate.swift */,
				FAF9282C2586139E0038656B /* ViewController.swift */,
				FAF9282E2586139E0038656B /* Main.storyboard */,
				FAF92831258613A00038656B /* Assets.xcassets */,
				FAF92833258613A00038656B /* LaunchScreen.storyboard */,
				FAF92836258613A00038656B /* Info.plist */,
			);
			path = Fintech;
			sourceTree = "<group>";
		};
/* End PBXGroup section */

/* Begin PBXNativeTarget section */
		FAEA5DAC25D8304D0040032F /* StickerApp */ = {
			isa = PBXNativeTarget;
			buildConfigurationList = FAEA5DBD25D8304D0040032F /* Build configuration list for PBXNativeTarget "StickerApp" */;
			buildPhases = (
				FAEA5DAB25D8304D0040032F /* Resources */,
				FAEA5DB925D8304D0040032F /* Embed App Extensions */,
			);
			buildRules = (
			);
			dependencies = (
				FAEA5DB325D8304D0040032F /* PBXTargetDependency */,
			);
			name = StickerApp;
			productName = StickerApp;
			productReference = FAEA5DAD25D8304D0040032F /* StickerApp.app */;
			productType = "com.apple.product-type.application.messages";
		};
		FAEA5DAF25D8304D0040032F /* StickerApp StickerPackExtension */ = {
			isa = PBXNativeTarget;
			buildConfigurationList = FAEA5DBC25D8304D0040032F /* Build configuration list for PBXNativeTarget "StickerApp StickerPackExtension" */;
			buildPhases = (
				FAEA5DAE25D8304D0040032F /* Resources */,
			);
			buildRules = (
			);
			dependencies = (
			);
			name = "StickerApp StickerPackExtension";
			productName = "StickerApp StickerPackExtension";
			productReference = FAEA5DB025D8304D0040032F /* StickerApp StickerPackExtension.appex */;
			productType = "com.apple.product-type.app-extension.messages-sticker-pack";
		};
		FAF928242586139E0038656B /* Fintech */ = {
			isa = PBXNativeTarget;
			buildConfigurationList = FAF92839258613A10038656B /* Build configuration list for PBXNativeTarget "Fintech" */;
			buildPhases = (
				FAF928212586139E0038656B /* Sources */,
				FAF928222586139E0038656B /* Frameworks */,
				FAF928232586139E0038656B /* Resources */,
			);
			buildRules = (
			);
			dependencies = (
			);
			name = Fintech;
			productName = Fintech;
			productReference = FAF928252586139E0038656B /* Fintech.app */;
			productType = "com.apple.product-type.application";
		};
/* End PBXNativeTarget section */

/* Begin PBXProject section */
		FAF9281D2586139E0038656B /* Project object */ = {
			isa = PBXProject;
			attributes = {
				LastSwiftUpdateCheck = 1130;
				LastUpgradeCheck = 1130;
				ORGANIZATIONNAME = washinson;
				TargetAttributes = {
					FAEA5DAC25D8304D0040032F = {
						CreatedOnToolsVersion = 11.3.1;
					};
					FAEA5DAF25D8304D0040032F = {
						CreatedOnToolsVersion = 11.3.1;
					};
					FAF928242586139E0038656B = {
						CreatedOnToolsVersion = 11.3.1;
					};
				};
			};
			buildConfigurationList = FAF928202586139E0038656B /* Build configuration list for PBXProject "Fintech" */;
			compatibilityVersion = "Xcode 9.3";
			developmentRegion = en;
			hasScannedForEncodings = 0;
			knownRegions = (
				en,
				Base,
			);
			mainGroup = FAF9281C2586139E0038656B;
			productRefGroup = FAF928262586139E0038656B /* Products */;
			projectDirPath = "";
			projectRoot = "";
			targets = (
				FAF928242586139E0038656B /* Fintech */,
				FAEA5DAC25D8304D0040032F /* StickerApp */,
				FAEA5DAF25D8304D0040032F /* StickerApp StickerPackExtension */,
			);
		};
/* End PBXProject section */

/* Begin PBXResourcesBuildPhase section */
		FAEA5DAB25D8304D0040032F /* Resources */ = {
			isa = PBXResourcesBuildPhase;
			buildActionMask = 2147483647;
			files = (
				FAEA5DB625D8304D0040032F /* Stickers.xcstickers in Resources */,
			);
			runOnlyForDeploymentPostprocessing = 0;
		};
		FAEA5DAE25D8304D0040032F /* Resources */ = {
			isa = PBXResourcesBuildPhase;
			buildActionMask = 2147483647;
			files = (
				FAEA5DB525D8304D0040032F /* Stickers.xcstickers in Resources */,
			);
			runOnlyForDeploymentPostprocessing = 0;
		};
		FAF928232586139E0038656B /* Resources */ = {
			isa = PBXResourcesBuildPhase;
			buildActionMask = 2147483647;
			files = (
				FAF92835258613A00038656B /* LaunchScreen.storyboard in Resources */,
				FAF92832258613A00038656B /* Assets.xcassets in Resources */,
				FAF928302586139E0038656B /* Main.storyboard in Resources */,
			);
			runOnlyForDeploymentPostprocessing = 0;
		};
/* End PBXResourcesBuildPhase section */

/* Begin PBXSourcesBuildPhase section */
		FAF928212586139E0038656B /* Sources */ = {
			isa = PBXSourcesBuildPhase;
			buildActionMask = 2147483647;
			files = (
				FAF9282D2586139E0038656B /* ViewController.swift in Sources */,
				FAF928292586139E0038656B /* AppDelegate.swift in Sources */,
				FAF9282B2586139E0038656B /* SceneDelegate.swift in Sources */,
			);
			runOnlyForDeploymentPostprocessing = 0;
		};
/* End PBXSourcesBuildPhase section */

/* Begin PBXTargetDependency section */
		FAEA5DB325D8304D0040032F /* PBXTargetDependency */ = {
			isa = PBXTargetDependency;
			target = FAEA5DAF25D8304D0040032F /* StickerApp StickerPackExtension */;
			targetProxy = FAEA5DB225D8304D0040032F /* PBXContainerItemProxy */;
		};
/* End PBXTargetDependency section */

/* Begin PBXVariantGroup section */
		FAF9282E2586139E0038656B /* Main.storyboard */ = {
			isa = PBXVariantGroup;
			children = (
				FAF9282F2586139E0038656B /* Base */,
			);
			name = Main.storyboard;
			sourceTree = "<group>";
		};
		FAF92833258613A00038656B /* LaunchScreen.storyboard */ = {
			isa = PBXVariantGroup;
			children = (
				FAF92834258613A00038656B /* Base */,
			);
			name = LaunchScreen.storyboard;
			sourceTree = "<group>";
		};
/* End PBXVariantGroup section */

/* Begin XCBuildConfiguration section */
		FAEA5DB725D8304D0040032F /* Debug */ = {
			isa = XCBuildConfiguration;
			buildSettings = {
				ASSETCATALOG_COMPILER_APPICON_NAME = "iMessage App Icon";
				CODE_SIGN_STYLE = Automatic;
				DEVELOPMENT_TEAM = YVF29YMA26;
				INFOPLIST_FILE = StickerApp/Info.plist;
				IPHONEOS_DEPLOYMENT_TARGET = 10.0;
				PRODUCT_BUNDLE_IDENTIFIER = com.washinson.StickerApp;
				PRODUCT_NAME = "$(TARGET_NAME)";
				TARGETED_DEVICE_FAMILY = "1,2";
			};
			name = Debug;
		};
		FAEA5DB825D8304D0040032F /* Release */ = {
			isa = XCBuildConfiguration;
			buildSettings = {
				ASSETCATALOG_COMPILER_APPICON_NAME = "iMessage App Icon";
				CODE_SIGN_STYLE = Automatic;
				DEVELOPMENT_TEAM = YVF29YMA26;
				INFOPLIST_FILE = StickerApp/Info.plist;
				IPHONEOS_DEPLOYMENT_TARGET = 10.0;
				PRODUCT_BUNDLE_IDENTIFIER = com.washinson.StickerApp;
				PRODUCT_NAME = "$(TARGET_NAME)";
				TARGETED_DEVICE_FAMILY = "1,2";
			};
			name = Release;
		};
		FAEA5DBA25D8304D0040032F /* Debug */ = {
			isa = XCBuildConfiguration;
			buildSettings = {
				ASSETCATALOG_COMPILER_APPICON_NAME = "iMessage App Icon";
				CODE_SIGN_STYLE = Automatic;
				DEVELOPMENT_TEAM = YVF29YMA26;
				INFOPLIST_FILE = "StickerApp StickerPackExtension/Info.plist";
				IPHONEOS_DEPLOYMENT_TARGET = 10.0;
				PRODUCT_BUNDLE_IDENTIFIER = com.washinson.StickerApp.StickerPackExtension;
				PRODUCT_NAME = "$(TARGET_NAME)";
				SKIP_INSTALL = YES;
				TARGETED_DEVICE_FAMILY = "1,2";
			};
			name = Debug;
		};
		FAEA5DBB25D8304D0040032F /* Release */ = {
			isa = XCBuildConfiguration;
			buildSettings = {
				ASSETCATALOG_COMPILER_APPICON_NAME = "iMessage App Icon";
				CODE_SIGN_STYLE = Automatic;
				DEVELOPMENT_TEAM = YVF29YMA26;
				INFOPLIST_FILE = "StickerApp StickerPackExtension/Info.plist";
				IPHONEOS_DEPLOYMENT_TARGET = 10.0;
				PRODUCT_BUNDLE_IDENTIFIER = com.washinson.StickerApp.StickerPackExtension;
				PRODUCT_NAME = "$(TARGET_NAME)";
				SKIP_INSTALL = YES;
				TARGETED_DEVICE_FAMILY = "1,2";
			};
			name = Release;
		};
		FAF92837258613A10038656B /* Debug */ = {
			isa = XCBuildConfiguration;
			buildSettings = {
				ALWAYS_SEARCH_USER_PATHS = NO;
				CLANG_ANALYZER_NONNULL = YES;
				CLANG_ANALYZER_NUMBER_OBJECT_CONVERSION = YES_AGGRESSIVE;
				CLANG_CXX_LANGUAGE_STANDARD = "gnu++14";
				CLANG_CXX_LIBRARY = "libc++";
				CLANG_ENABLE_MODULES = YES;
				CLANG_ENABLE_OBJC_ARC = YES;
				CLANG_ENABLE_OBJC_WEAK = YES;
				CLANG_WARN_BLOCK_CAPTURE_AUTORELEASING = YES;
				CLANG_WARN_BOOL_CONVERSION = YES;
				CLANG_WARN_COMMA = YES;
				CLANG_WARN_CONSTANT_CONVERSION = YES;
				CLANG_WARN_DEPRECATED_OBJC_IMPLEMENTATIONS = YES;
				CLANG_WARN_DIRECT_OBJC_ISA_USAGE = YES_ERROR;
				CLANG_WARN_DOCUMENTATION_COMMENTS = YES;
				CLANG_WARN_EMPTY_BODY = YES;
				CLANG_WARN_ENUM_CONVERSION = YES;
				CLANG_WARN_INFINITE_RECURSION = YES;
				CLANG_WARN_INT_CONVERSION = YES;
				CLANG_WARN_NON_LITERAL_NULL_CONVERSION = YES;
				CLANG_WARN_OBJC_IMPLICIT_RETAIN_SELF = YES;
				CLANG_WARN_OBJC_LITERAL_CONVERSION = YES;
				CLANG_WARN_OBJC_ROOT_CLASS = YES_ERROR;
				CLANG_WARN_RANGE_LOOP_ANALYSIS = YES;
				CLANG_WARN_STRICT_PROTOTYPES = YES;
				CLANG_WARN_SUSPICIOUS_MOVE = YES;
				CLANG_WARN_UNGUARDED_AVAILABILITY = YES_AGGRESSIVE;
				CLANG_WARN_UNREACHABLE_CODE = YES;
				CLANG_WARN__DUPLICATE_METHOD_MATCH = YES;
				COPY_PHASE_STRIP = NO;
				DEBUG_INFORMATION_FORMAT = dwarf;
				ENABLE_STRICT_OBJC_MSGSEND = YES;
				ENABLE_TESTABILITY = YES;
				GCC_C_LANGUAGE_STANDARD = gnu11;
				GCC_DYNAMIC_NO_PIC = NO;
				GCC_NO_COMMON_BLOCKS = YES;
				GCC_OPTIMIZATION_LEVEL = 0;
				GCC_PREPROCESSOR_DEFINITIONS = (
					"DEBUG=1",
					"$(inherited)",
				);
				GCC_WARN_64_TO_32_BIT_CONVERSION = YES;
				GCC_WARN_ABOUT_RETURN_TYPE = YES_ERROR;
				GCC_WARN_UNDECLARED_SELECTOR = YES;
				GCC_WARN_UNINITIALIZED_AUTOS = YES_AGGRESSIVE;
				GCC_WARN_UNUSED_FUNCTION = YES;
				GCC_WARN_UNUSED_VARIABLE = YES;
				IPHONEOS_DEPLOYMENT_TARGET = 13.2;
				MTL_ENABLE_DEBUG_INFO = INCLUDE_SOURCE;
				MTL_FAST_MATH = YES;
				ONLY_ACTIVE_ARCH = YES;
				SDKROOT = iphoneos;
				SWIFT_ACTIVE_COMPILATION_CONDITIONS = DEBUG;
				SWIFT_OPTIMIZATION_LEVEL = "-Onone";
			};
			name = Debug;
		};
		FAF92838258613A10038656B /* Release */ = {
			isa = XCBuildConfiguration;
			buildSettings = {
				ALWAYS_SEARCH_USER_PATHS = NO;
				CLANG_ANALYZER_NONNULL = YES;
				CLANG_ANALYZER_NUMBER_OBJECT_CONVERSION = YES_AGGRESSIVE;
				CLANG_CXX_LANGUAGE_STANDARD = "gnu++14";
				CLANG_CXX_LIBRARY = "libc++";
				CLANG_ENABLE_MODULES = YES;
				CLANG_ENABLE_OBJC_ARC = YES;
				CLANG_ENABLE_OBJC_WEAK = YES;
				CLANG_WARN_BLOCK_CAPTURE_AUTORELEASING = YES;
				CLANG_WARN_BOOL_CONVERSION = YES;
				CLANG_WARN_COMMA = YES;
				CLANG_WARN_CONSTANT_CONVERSION = YES;
				CLANG_WARN_DEPRECATED_OBJC_IMPLEMENTATIONS = YES;
				CLANG_WARN_DIRECT_OBJC_ISA_USAGE = YES_ERROR;
				CLANG_WARN_DOCUMENTATION_COMMENTS = YES;
				CLANG_WARN_EMPTY_BODY = YES;
				CLANG_WARN_ENUM_CONVERSION = YES;
				CLANG_WARN_INFINITE_RECURSION = YES;
				CLANG_WARN_INT_CONVERSION = YES;
				CLANG_WARN_NON_LITERAL_NULL_CONVERSION = YES;
				CLANG_WARN_OBJC_IMPLICIT_RETAIN_SELF = YES;
				CLANG_WARN_OBJC_LITERAL_CONVERSION = YES;
				CLANG_WARN_OBJC_ROOT_CLASS = YES_ERROR;
				CLANG_WARN_RANGE_LOOP_ANALYSIS = YES;
				CLANG_WARN_STRICT_PROTOTYPES = YES;
				CLANG_WARN_SUSPICIOUS_MOVE = YES;
				CLANG_WARN_UNGUARDED_AVAILABILITY = YES_AGGRESSIVE;
				CLANG_WARN_UNREACHABLE_CODE = YES;
				CLANG_WARN__DUPLICATE_METHOD_MATCH = YES;
				COPY_PHASE_STRIP = NO;
				DEBUG_INFORMATION_FORMAT = "dwarf-with-dsym";
				ENABLE_NS_ASSERTIONS = NO;
				ENABLE_STRICT_OBJC_MSGSEND = YES;
				GCC_C_LANGUAGE_STANDARD = gnu11;
				GCC_NO_COMMON_BLOCKS = YES;
				GCC_WARN_64_TO_32_BIT_CONVERSION = YES;
				GCC_WARN_ABOUT_RETURN_TYPE = YES_ERROR;
				GCC_WARN_UNDECLARED_SELECTOR = YES;
				GCC_WARN_UNINITIALIZED_AUTOS = YES_AGGRESSIVE;
				GCC_WARN_UNUSED_FUNCTION = YES;
				GCC_WARN_UNUSED_VARIABLE = YES;
				IPHONEOS_DEPLOYMENT_TARGET = 13.2;
				MTL_ENABLE_DEBUG_INFO = NO;
				MTL_FAST_MATH = YES;
				SDKROOT = iphoneos;
				SWIFT_COMPILATION_MODE = wholemodule;
				SWIFT_OPTIMIZATION_LEVEL = "-O";
				VALIDATE_PRODUCT = YES;
			};
			name = Release;
		};
		FAF9283A258613A10038656B /* Debug */ = {
			isa = XCBuildConfiguration;
			buildSettings = {
				ASSETCATALOG_COMPILER_APPICON_NAME = AppIcon;
				CODE_SIGN_STYLE = Automatic;
				DEVELOPMENT_TEAM = YVF29YMA26;
				INFOPLIST_FILE = Fintech/Info.plist;
				LD_RUNPATH_SEARCH_PATHS = (
					"$(inherited)",
					"@executable_path/Frameworks",
				);
				PRODUCT_BUNDLE_IDENTIFIER = com.washinson.Fintech;
				PRODUCT_NAME = "$(TARGET_NAME)";
				SWIFT_VERSION = 5.0;
				TARGETED_DEVICE_FAMILY = "1,2";
			};
			name = Debug;
		};
		FAF9283B258613A10038656B /* Release */ = {
			isa = XCBuildConfiguration;
			buildSettings = {
				ASSETCATALOG_COMPILER_APPICON_NAME = AppIcon;
				CODE_SIGN_STYLE = Automatic;
				DEVELOPMENT_TEAM = YVF29YMA26;
				INFOPLIST_FILE = Fintech/Info.plist;
				LD_RUNPATH_SEARCH_PATHS = (
					"$(inherited)",
					"@executable_path/Frameworks",
				);
				PRODUCT_BUNDLE_IDENTIFIER = com.washinson.Fintech;
				PRODUCT_NAME = "$(TARGET_NAME)";
				SWIFT_VERSION = 5.0;
				TARGETED_DEVICE_FAMILY = "1,2";
			};
			name = Release;
		};
/* End XCBuildConfiguration section */

/* Begin XCConfigurationList section */
		FAEA5DBC25D8304D0040032F /* Build configuration list for PBXNativeTarget "StickerApp StickerPackExtension" */ = {
			isa = XCConfigurationList;
			buildConfigurations = (
				FAEA5DBA25D8304D0040032F /* Debug */,
				FAEA5DBB25D8304D0040032F /* Release */,
			);
			defaultConfigurationIsVisible = 0;
			defaultConfigurationName = Release;
		};
		FAEA5DBD25D8304D0040032F /* Build configuration list for PBXNativeTarget "StickerApp" */ = {
			isa = XCConfigurationList;
			buildConfigurations = (
				FAEA5DB725D8304D0040032F /* Debug */,
				FAEA5DB825D8304D0040032F /* Release */,
			);
			defaultConfigurationIsVisible = 0;
			defaultConfigurationName = Release;
		};
		FAF928202586139E0038656B /* Build configuration list for PBXProject "Fintech" */ = {
			isa = XCConfigurationList;
			buildConfigurations = (
				FAF92837258613A10038656B /* Debug */,
				FAF92838258613A10038656B /* Release */,
			);
			defaultConfigurationIsVisible = 0;
			defaultConfigurationName = Release;
		};
		FAF92839258613A10038656B /* Build configuration list for PBXNativeTarget "Fintech" */ = {
			isa = XCConfigurationList;
			buildConfigurations = (
				FAF9283A258613A10038656B /* Debug */,
				FAF9283B258613A10038656B /* Release */,
			);
			defaultConfigurationIsVisible = 0;
			defaultConfigurationName = Release;
		};
/* End XCConfigurationList section */
	};
	rootObject = FAF9281D2586139E0038656B /* Project object */;
}
