// !$*UTF8*$!
{
	archiveVersion = 1;
	classes = {
	};
	objectVersion = 50;
	objects = {

/* Begin PBXBuildFile section */
		FAEFB89F25BB5F100015957A /* AppDelegate.swift in Sources */ = {isa = PBXBuildFile; fileRef = FAEFB89E25BB5F100015957A /* AppDelegate.swift */; };
		FAEFB8A125BB5F100015957A /* SceneDelegate.swift in Sources */ = {isa = PBXBuildFile; fileRef = FAEFB8A025BB5F100015957A /* SceneDelegate.swift */; };
		FAEFB8A325BB5F100015957A /* ViewController.swift in Sources */ = {isa = PBXBuildFile; fileRef = FAEFB8A225BB5F100015957A /* ViewController.swift */; };
		FAEFB8A625BB5F100015957A /* Main.storyboard in Resources */ = {isa = PBXBuildFile; fileRef = FAEFB8A425BB5F100015957A /* Main.storyboard */; };
		FAEFB8A825BB5F120015957A /* Assets.xcassets in Resources */ = {isa = PBXBuildFile; fileRef = FAEFB8A725BB5F120015957A /* Assets.xcassets */; };
		FAEFB8AB25BB5F120015957A /* LaunchScreen.storyboard in Resources */ = {isa = PBXBuildFile; fileRef = FAEFB8A925BB5F120015957A /* LaunchScreen.storyboard */; };
		FAF2D98025BE118A00A5F801 /* TripCollectionViewCell.swift in Sources */ = {isa = PBXBuildFile; fileRef = FAF2D97F25BE118A00A5F801 /* TripCollectionViewCell.swift */; };
		FAF2D98225BE142200A5F801 /* Trip.swift in Sources */ = {isa = PBXBuildFile; fileRef = FAF2D98125BE142200A5F801 /* Trip.swift */; };
		FAF2D98625BE188700A5F801 /* TripViewController.swift in Sources */ = {isa = PBXBuildFile; fileRef = FAF2D98525BE188700A5F801 /* TripViewController.swift */; };
/* End PBXBuildFile section */

/* Begin PBXFileReference section */
		FAEFB89B25BB5F100015957A /* TripCard.app */ = {isa = PBXFileReference; explicitFileType = wrapper.application; includeInIndex = 0; path = TripCard.app; sourceTree = BUILT_PRODUCTS_DIR; };
		FAEFB89E25BB5F100015957A /* AppDelegate.swift */ = {isa = PBXFileReference; lastKnownFileType = sourcecode.swift; path = AppDelegate.swift; sourceTree = "<group>"; };
		FAEFB8A025BB5F100015957A /* SceneDelegate.swift */ = {isa = PBXFileReference; lastKnownFileType = sourcecode.swift; path = SceneDelegate.swift; sourceTree = "<group>"; };
		FAEFB8A225BB5F100015957A /* ViewController.swift */ = {isa = PBXFileReference; lastKnownFileType = sourcecode.swift; path = ViewController.swift; sourceTree = "<group>"; };
		FAEFB8A525BB5F100015957A /* Base */ = {isa = PBXFileReference; lastKnownFileType = file.storyboard; name = Base; path = Base.lproj/Main.storyboard; sourceTree = "<group>"; };
		FAEFB8A725BB5F120015957A /* Assets.xcassets */ = {isa = PBXFileReference; lastKnownFileType = folder.assetcatalog; path = Assets.xcassets; sourceTree = "<group>"; };
		FAEFB8AA25BB5F120015957A /* Base */ = {isa = PBXFileReference; lastKnownFileType = file.storyboard; name = Base; path = Base.lproj/LaunchScreen.storyboard; sourceTree = "<group>"; };
		FAEFB8AC25BB5F120015957A /* Info.plist */ = {isa = PBXFileReference; lastKnownFileType = text.plist.xml; path = Info.plist; sourceTree = "<group>"; };
		FAF2D97F25BE118A00A5F801 /* TripCollectionViewCell.swift */ = {isa = PBXFileReference; lastKnownFileType = sourcecode.swift; path = TripCollectionViewCell.swift; sourceTree = "<group>"; };
		FAF2D98125BE142200A5F801 /* Trip.swift */ = {isa = PBXFileReference; lastKnownFileType = sourcecode.swift; path = Trip.swift; sourceTree = "<group>"; };
		FAF2D98525BE188700A5F801 /* TripViewController.swift */ = {isa = PBXFileReference; lastKnownFileType = sourcecode.swift; path = TripViewController.swift; sourceTree = "<group>"; };
/* End PBXFileReference section */

/* Begin PBXFrameworksBuildPhase section */
		FAEFB89825BB5F100015957A /* Frameworks */ = {
			isa = PBXFrameworksBuildPhase;
			buildActionMask = 2147483647;
			files = (
			);
			runOnlyForDeploymentPostprocessing = 0;
		};
/* End PBXFrameworksBuildPhase section */

/* Begin PBXGroup section */
		FAEFB89225BB5F100015957A = {
			isa = PBXGroup;
			children = (
				FAEFB89D25BB5F100015957A /* TripCard */,
				FAEFB89C25BB5F100015957A /* Products */,
			);
			sourceTree = "<group>";
		};
		FAEFB89C25BB5F100015957A /* Products */ = {
			isa = PBXGroup;
			children = (
				FAEFB89B25BB5F100015957A /* TripCard.app */,
			);
			name = Products;
			sourceTree = "<group>";
		};
		FAEFB89D25BB5F100015957A /* TripCard */ = {
			isa = PBXGroup;
			children = (
				FAF2D98725BE281900A5F801 /* Trip */,
				FAEFB89E25BB5F100015957A /* AppDelegate.swift */,
				FAEFB8A025BB5F100015957A /* SceneDelegate.swift */,
				FAEFB8A225BB5F100015957A /* ViewController.swift */,
				FAEFB8A425BB5F100015957A /* Main.storyboard */,
				FAEFB8A725BB5F120015957A /* Assets.xcassets */,
				FAEFB8A925BB5F120015957A /* LaunchScreen.storyboard */,
				FAEFB8AC25BB5F120015957A /* Info.plist */,
			);
			path = TripCard;
			sourceTree = "<group>";
		};
		FAF2D98725BE281900A5F801 /* Trip */ = {
			isa = PBXGroup;
			children = (
				FAF2D98525BE188700A5F801 /* TripViewController.swift */,
				FAF2D97F25BE118A00A5F801 /* TripCollectionViewCell.swift */,
				FAF2D98125BE142200A5F801 /* Trip.swift */,
			);
			path = Trip;
			sourceTree = "<group>";
		};
/* End PBXGroup section */

/* Begin PBXNativeTarget section */
		FAEFB89A25BB5F100015957A /* TripCard */ = {
			isa = PBXNativeTarget;
			buildConfigurationList = FAEFB8AF25BB5F120015957A /* Build configuration list for PBXNativeTarget "TripCard" */;
			buildPhases = (
				FAEFB89725BB5F100015957A /* Sources */,
				FAEFB89825BB5F100015957A /* Frameworks */,
				FAEFB89925BB5F100015957A /* Resources */,
			);
			buildRules = (
			);
			dependencies = (
			);
			name = TripCard;
			productName = TripCard;
			productReference = FAEFB89B25BB5F100015957A /* TripCard.app */;
			productType = "com.apple.product-type.application";
		};
/* End PBXNativeTarget section */

/* Begin PBXProject section */
		FAEFB89325BB5F100015957A /* Project object */ = {
			isa = PBXProject;
			attributes = {
				LastSwiftUpdateCheck = 1130;
				LastUpgradeCheck = 1130;
				ORGANIZATIONNAME = washinson;
				TargetAttributes = {
					FAEFB89A25BB5F100015957A = {
						CreatedOnToolsVersion = 11.3.1;
					};
				};
			};
			buildConfigurationList = FAEFB89625BB5F100015957A /* Build configuration list for PBXProject "TripCard" */;
			compatibilityVersion = "Xcode 9.3";
			developmentRegion = en;
			hasScannedForEncodings = 0;
			knownRegions = (
				en,
				Base,
			);
			mainGroup = FAEFB89225BB5F100015957A;
			productRefGroup = FAEFB89C25BB5F100015957A /* Products */;
			projectDirPath = "";
			projectRoot = "";
			targets = (
				FAEFB89A25BB5F100015957A /* TripCard */,
			);
		};
/* End PBXProject section */

/* Begin PBXResourcesBuildPhase section */
		FAEFB89925BB5F100015957A /* Resources */ = {
			isa = PBXResourcesBuildPhase;
			buildActionMask = 2147483647;
			files = (
				FAEFB8AB25BB5F120015957A /* LaunchScreen.storyboard in Resources */,
				FAEFB8A825BB5F120015957A /* Assets.xcassets in Resources */,
				FAEFB8A625BB5F100015957A /* Main.storyboard in Resources */,
			);
			runOnlyForDeploymentPostprocessing = 0;
		};
/* End PBXResourcesBuildPhase section */

/* Begin PBXSourcesBuildPhase section */
		FAEFB89725BB5F100015957A /* Sources */ = {
			isa = PBXSourcesBuildPhase;
			buildActionMask = 2147483647;
			files = (
				FAF2D98225BE142200A5F801 /* Trip.swift in Sources */,
				FAF2D98025BE118A00A5F801 /* TripCollectionViewCell.swift in Sources */,
				FAF2D98625BE188700A5F801 /* TripViewController.swift in Sources */,
				FAEFB8A325BB5F100015957A /* ViewController.swift in Sources */,
				FAEFB89F25BB5F100015957A /* AppDelegate.swift in Sources */,
				FAEFB8A125BB5F100015957A /* SceneDelegate.swift in Sources */,
			);
			runOnlyForDeploymentPostprocessing = 0;
		};
/* End PBXSourcesBuildPhase section */

/* Begin PBXVariantGroup section */
		FAEFB8A425BB5F100015957A /* Main.storyboard */ = {
			isa = PBXVariantGroup;
			children = (
				FAEFB8A525BB5F100015957A /* Base */,
			);
			name = Main.storyboard;
			sourceTree = "<group>";
		};
		FAEFB8A925BB5F120015957A /* LaunchScreen.storyboard */ = {
			isa = PBXVariantGroup;
			children = (
				FAEFB8AA25BB5F120015957A /* Base */,
			);
			name = LaunchScreen.storyboard;
			sourceTree = "<group>";
		};
/* End PBXVariantGroup section */

/* Begin XCBuildConfiguration section */
		FAEFB8AD25BB5F120015957A /* Debug */ = {
			isa = XCBuildConfiguration;
			buildSettings = {
				ALWAYS_SEARCH_USER_PATHS = NO;
				CLANG_ANALYZER_NONNULL = YES;
				CLANG_ANALYZER_NUMBER_OBJECT_CONVERSION = YES_AGGRESSIVE;
				CLANG_CXX_LANGUAGE_STANDARD = "gnu++14";
				CLANG_CXX_LIBRARY = "libc++";
				CLANG_ENABLE_MODULES = YES;
				CLANG_ENABLE_OBJC_ARC = YES;
				CLANG_ENABLE_OBJC_WEAK = YES;
				CLANG_WARN_BLOCK_CAPTURE_AUTORELEASING = YES;
				CLANG_WARN_BOOL_CONVERSION = YES;
				CLANG_WARN_COMMA = YES;
				CLANG_WARN_CONSTANT_CONVERSION = YES;
				CLANG_WARN_DEPRECATED_OBJC_IMPLEMENTATIONS = YES;
				CLANG_WARN_DIRECT_OBJC_ISA_USAGE = YES_ERROR;
				CLANG_WARN_DOCUMENTATION_COMMENTS = YES;
				CLANG_WARN_EMPTY_BODY = YES;
				CLANG_WARN_ENUM_CONVERSION = YES;
				CLANG_WARN_INFINITE_RECURSION = YES;
				CLANG_WARN_INT_CONVERSION = YES;
				CLANG_WARN_NON_LITERAL_NULL_CONVERSION = YES;
				CLANG_WARN_OBJC_IMPLICIT_RETAIN_SELF = YES;
				CLANG_WARN_OBJC_LITERAL_CONVERSION = YES;
				CLANG_WARN_OBJC_ROOT_CLASS = YES_ERROR;
				CLANG_WARN_RANGE_LOOP_ANALYSIS = YES;
				CLANG_WARN_STRICT_PROTOTYPES = YES;
				CLANG_WARN_SUSPICIOUS_MOVE = YES;
				CLANG_WARN_UNGUARDED_AVAILABILITY = YES_AGGRESSIVE;
				CLANG_WARN_UNREACHABLE_CODE = YES;
				CLANG_WARN__DUPLICATE_METHOD_MATCH = YES;
				COPY_PHASE_STRIP = NO;
				DEBUG_INFORMATION_FORMAT = dwarf;
				ENABLE_STRICT_OBJC_MSGSEND = YES;
				ENABLE_TESTABILITY = YES;
				GCC_C_LANGUAGE_STANDARD = gnu11;
				GCC_DYNAMIC_NO_PIC = NO;
				GCC_NO_COMMON_BLOCKS = YES;
				GCC_OPTIMIZATION_LEVEL = 0;
				GCC_PREPROCESSOR_DEFINITIONS = (
					"DEBUG=1",
					"$(inherited)",
				);
				GCC_WARN_64_TO_32_BIT_CONVERSION = YES;
				GCC_WARN_ABOUT_RETURN_TYPE = YES_ERROR;
				GCC_WARN_UNDECLARED_SELECTOR = YES;
				GCC_WARN_UNINITIALIZED_AUTOS = YES_AGGRESSIVE;
				GCC_WARN_UNUSED_FUNCTION = YES;
				GCC_WARN_UNUSED_VARIABLE = YES;
				IPHONEOS_DEPLOYMENT_TARGET = 13.2;
				MTL_ENABLE_DEBUG_INFO = INCLUDE_SOURCE;
				MTL_FAST_MATH = YES;
				ONLY_ACTIVE_ARCH = YES;
				SDKROOT = iphoneos;
				SWIFT_ACTIVE_COMPILATION_CONDITIONS = DEBUG;
				SWIFT_OPTIMIZATION_LEVEL = "-Onone";
			};
			name = Debug;
		};
		FAEFB8AE25BB5F120015957A /* Release */ = {
			isa = XCBuildConfiguration;
			buildSettings = {
				ALWAYS_SEARCH_USER_PATHS = NO;
				CLANG_ANALYZER_NONNULL = YES;
				CLANG_ANALYZER_NUMBER_OBJECT_CONVERSION = YES_AGGRESSIVE;
				CLANG_CXX_LANGUAGE_STANDARD = "gnu++14";
				CLANG_CXX_LIBRARY = "libc++";
				CLANG_ENABLE_MODULES = YES;
				CLANG_ENABLE_OBJC_ARC = YES;
				CLANG_ENABLE_OBJC_WEAK = YES;
				CLANG_WARN_BLOCK_CAPTURE_AUTORELEASING = YES;
				CLANG_WARN_BOOL_CONVERSION = YES;
				CLANG_WARN_COMMA = YES;
				CLANG_WARN_CONSTANT_CONVERSION = YES;
				CLANG_WARN_DEPRECATED_OBJC_IMPLEMENTATIONS = YES;
				CLANG_WARN_DIRECT_OBJC_ISA_USAGE = YES_ERROR;
				CLANG_WARN_DOCUMENTATION_COMMENTS = YES;
				CLANG_WARN_EMPTY_BODY = YES;
				CLANG_WARN_ENUM_CONVERSION = YES;
				CLANG_WARN_INFINITE_RECURSION = YES;
				CLANG_WARN_INT_CONVERSION = YES;
				CLANG_WARN_NON_LITERAL_NULL_CONVERSION = YES;
				CLANG_WARN_OBJC_IMPLICIT_RETAIN_SELF = YES;
				CLANG_WARN_OBJC_LITERAL_CONVERSION = YES;
				CLANG_WARN_OBJC_ROOT_CLASS = YES_ERROR;
				CLANG_WARN_RANGE_LOOP_ANALYSIS = YES;
				CLANG_WARN_STRICT_PROTOTYPES = YES;
				CLANG_WARN_SUSPICIOUS_MOVE = YES;
				CLANG_WARN_UNGUARDED_AVAILABILITY = YES_AGGRESSIVE;
				CLANG_WARN_UNREACHABLE_CODE = YES;
				CLANG_WARN__DUPLICATE_METHOD_MATCH = YES;
				COPY_PHASE_STRIP = NO;
				DEBUG_INFORMATION_FORMAT = "dwarf-with-dsym";
				ENABLE_NS_ASSERTIONS = NO;
				ENABLE_STRICT_OBJC_MSGSEND = YES;
				GCC_C_LANGUAGE_STANDARD = gnu11;
				GCC_NO_COMMON_BLOCKS = YES;
				GCC_WARN_64_TO_32_BIT_CONVERSION = YES;
				GCC_WARN_ABOUT_RETURN_TYPE = YES_ERROR;
				GCC_WARN_UNDECLARED_SELECTOR = YES;
				GCC_WARN_UNINITIALIZED_AUTOS = YES_AGGRESSIVE;
				GCC_WARN_UNUSED_FUNCTION = YES;
				GCC_WARN_UNUSED_VARIABLE = YES;
				IPHONEOS_DEPLOYMENT_TARGET = 13.2;
				MTL_ENABLE_DEBUG_INFO = NO;
				MTL_FAST_MATH = YES;
				SDKROOT = iphoneos;
				SWIFT_COMPILATION_MODE = wholemodule;
				SWIFT_OPTIMIZATION_LEVEL = "-O";
				VALIDATE_PRODUCT = YES;
			};
			name = Release;
		};
		FAEFB8B025BB5F120015957A /* Debug */ = {
			isa = XCBuildConfiguration;
			buildSettings = {
				ASSETCATALOG_COMPILER_APPICON_NAME = AppIcon;
				CODE_SIGN_STYLE = Automatic;
				DEVELOPMENT_TEAM = YVF29YMA26;
				INFOPLIST_FILE = TripCard/Info.plist;
				LD_RUNPATH_SEARCH_PATHS = (
					"$(inherited)",
					"@executable_path/Frameworks",
				);
				PRODUCT_BUNDLE_IDENTIFIER = com.washinson.TripCard;
				PRODUCT_NAME = "$(TARGET_NAME)";
				SWIFT_VERSION = 5.0;
				TARGETED_DEVICE_FAMILY = "1,2";
			};
			name = Debug;
		};
		FAEFB8B125BB5F120015957A /* Release */ = {
			isa = XCBuildConfiguration;
			buildSettings = {
				ASSETCATALOG_COMPILER_APPICON_NAME = AppIcon;
				CODE_SIGN_STYLE = Automatic;
				DEVELOPMENT_TEAM = YVF29YMA26;
				INFOPLIST_FILE = TripCard/Info.plist;
				LD_RUNPATH_SEARCH_PATHS = (
					"$(inherited)",
					"@executable_path/Frameworks",
				);
				PRODUCT_BUNDLE_IDENTIFIER = com.washinson.TripCard;
				PRODUCT_NAME = "$(TARGET_NAME)";
				SWIFT_VERSION = 5.0;
				TARGETED_DEVICE_FAMILY = "1,2";
			};
			name = Release;
		};
/* End XCBuildConfiguration section */

/* Begin XCConfigurationList section */
		FAEFB89625BB5F100015957A /* Build configuration list for PBXProject "TripCard" */ = {
			isa = XCConfigurationList;
			buildConfigurations = (
				FAEFB8AD25BB5F120015957A /* Debug */,
				FAEFB8AE25BB5F120015957A /* Release */,
			);
			defaultConfigurationIsVisible = 0;
			defaultConfigurationName = Release;
		};
		FAEFB8AF25BB5F120015957A /* Build configuration list for PBXNativeTarget "TripCard" */ = {
			isa = XCConfigurationList;
			buildConfigurations = (
				FAEFB8B025BB5F120015957A /* Debug */,
				FAEFB8B125BB5F120015957A /* Release */,
			);
			defaultConfigurationIsVisible = 0;
			defaultConfigurationName = Release;
		};
/* End XCConfigurationList section */
	};
	rootObject = FAEFB89325BB5F100015957A /* Project object */;
}
