// !$*UTF8*$!
{
	archiveVersion = 1;
	classes = {
	};
	objectVersion = 50;
	objects = {

/* Begin PBXBuildFile section */
		FA60033125E883CD00375787 /* Event+CoreDataClass.swift in Sources */ = {isa = PBXBuildFile; fileRef = FA60032F25E883CD00375787 /* Event+CoreDataClass.swift */; };
		FA60033225E883CD00375787 /* Event+CoreDataProperties.swift in Sources */ = {isa = PBXBuildFile; fileRef = FA60033025E883CD00375787 /* Event+CoreDataProperties.swift */; };
		FA6B2C0D25E8335E000478C1 /* AppDelegate.swift in Sources */ = {isa = PBXBuildFile; fileRef = FA6B2C0C25E8335E000478C1 /* AppDelegate.swift */; };
		FA6B2C0F25E8335E000478C1 /* SceneDelegate.swift in Sources */ = {isa = PBXBuildFile; fileRef = FA6B2C0E25E8335E000478C1 /* SceneDelegate.swift */; };
		FA6B2C1425E8335E000478C1 /* Main.storyboard in Resources */ = {isa = PBXBuildFile; fileRef = FA6B2C1225E8335E000478C1 /* Main.storyboard */; };
		FA6B2C1725E8335E000478C1 /* EventsApp.xcdatamodeld in Sources */ = {isa = PBXBuildFile; fileRef = FA6B2C1525E8335E000478C1 /* EventsApp.xcdatamodeld */; };
		FA6B2C1925E83360000478C1 /* Assets.xcassets in Resources */ = {isa = PBXBuildFile; fileRef = FA6B2C1825E83360000478C1 /* Assets.xcassets */; };
		FA6B2C1C25E83360000478C1 /* LaunchScreen.storyboard in Resources */ = {isa = PBXBuildFile; fileRef = FA6B2C1A25E83360000478C1 /* LaunchScreen.storyboard */; };
		FA6B2C2425E83F99000478C1 /* EventsTableViewController.swift in Sources */ = {isa = PBXBuildFile; fileRef = FA6B2C2325E83F99000478C1 /* EventsTableViewController.swift */; };
		FA9DBE2325E95F6C00AC3256 /* ShareViewController.swift in Sources */ = {isa = PBXBuildFile; fileRef = FA9DBE2225E95F6C00AC3256 /* ShareViewController.swift */; };
		FA9DBE2625E95F6C00AC3256 /* MainInterface.storyboard in Resources */ = {isa = PBXBuildFile; fileRef = FA9DBE2425E95F6C00AC3256 /* MainInterface.storyboard */; };
		FA9DBE2A25E95F6C00AC3256 /* EventsShare.appex in Embed App Extensions */ = {isa = PBXBuildFile; fileRef = FA9DBE2025E95F6C00AC3256 /* EventsShare.appex */; settings = {ATTRIBUTES = (RemoveHeadersOnCopy, ); }; };
		FAC43DF825E9B7300066846C /* CommonFeatures.swift in Sources */ = {isa = PBXBuildFile; fileRef = FAC43DF725E9B7300066846C /* CommonFeatures.swift */; };
		FAC43DF925E9B7300066846C /* CommonFeatures.swift in Sources */ = {isa = PBXBuildFile; fileRef = FAC43DF725E9B7300066846C /* CommonFeatures.swift */; };
		FAC43DFA25E9B73A0066846C /* Event+CoreDataClass.swift in Sources */ = {isa = PBXBuildFile; fileRef = FA60032F25E883CD00375787 /* Event+CoreDataClass.swift */; };
		FAC43DFB25E9B73C0066846C /* Event+CoreDataProperties.swift in Sources */ = {isa = PBXBuildFile; fileRef = FA60033025E883CD00375787 /* Event+CoreDataProperties.swift */; };
		FAC43DFC25E9B9740066846C /* EventsApp.xcdatamodeld in Sources */ = {isa = PBXBuildFile; fileRef = FA6B2C1525E8335E000478C1 /* EventsApp.xcdatamodeld */; };
		FAD995E325E8591D001F0884 /* EventViewController.swift in Sources */ = {isa = PBXBuildFile; fileRef = FAD995E225E8591D001F0884 /* EventViewController.swift */; };
/* End PBXBuildFile section */

/* Begin PBXContainerItemProxy section */
		FA9DBE2825E95F6C00AC3256 /* PBXContainerItemProxy */ = {
			isa = PBXContainerItemProxy;
			containerPortal = FA6B2C0125E8335E000478C1 /* Project object */;
			proxyType = 1;
			remoteGlobalIDString = FA9DBE1F25E95F6C00AC3256;
			remoteInfo = EventsShare;
		};
/* End PBXContainerItemProxy section */

/* Begin PBXCopyFilesBuildPhase section */
		FA9DBE2B25E95F6C00AC3256 /* Embed App Extensions */ = {
			isa = PBXCopyFilesBuildPhase;
			buildActionMask = 2147483647;
			dstPath = "";
			dstSubfolderSpec = 13;
			files = (
				FA9DBE2A25E95F6C00AC3256 /* EventsShare.appex in Embed App Extensions */,
			);
			name = "Embed App Extensions";
			runOnlyForDeploymentPostprocessing = 0;
		};
/* End PBXCopyFilesBuildPhase section */

/* Begin PBXFileReference section */
		FA60032F25E883CD00375787 /* Event+CoreDataClass.swift */ = {isa = PBXFileReference; lastKnownFileType = sourcecode.swift; name = "Event+CoreDataClass.swift"; path = "EventsApp/Event+CoreDataClass.swift"; sourceTree = "<group>"; };
		FA60033025E883CD00375787 /* Event+CoreDataProperties.swift */ = {isa = PBXFileReference; lastKnownFileType = sourcecode.swift; name = "Event+CoreDataProperties.swift"; path = "EventsApp/Event+CoreDataProperties.swift"; sourceTree = "<group>"; };
		FA6B2C0925E8335E000478C1 /* EventsApp.app */ = {isa = PBXFileReference; explicitFileType = wrapper.application; includeInIndex = 0; path = EventsApp.app; sourceTree = BUILT_PRODUCTS_DIR; };
		FA6B2C0C25E8335E000478C1 /* AppDelegate.swift */ = {isa = PBXFileReference; lastKnownFileType = sourcecode.swift; path = AppDelegate.swift; sourceTree = "<group>"; };
		FA6B2C0E25E8335E000478C1 /* SceneDelegate.swift */ = {isa = PBXFileReference; lastKnownFileType = sourcecode.swift; path = SceneDelegate.swift; sourceTree = "<group>"; };
		FA6B2C1325E8335E000478C1 /* Base */ = {isa = PBXFileReference; lastKnownFileType = file.storyboard; name = Base; path = Base.lproj/Main.storyboard; sourceTree = "<group>"; };
		FA6B2C1625E8335E000478C1 /* EventsApp.xcdatamodel */ = {isa = PBXFileReference; lastKnownFileType = wrapper.xcdatamodel; path = EventsApp.xcdatamodel; sourceTree = "<group>"; };
		FA6B2C1825E83360000478C1 /* Assets.xcassets */ = {isa = PBXFileReference; lastKnownFileType = folder.assetcatalog; path = Assets.xcassets; sourceTree = "<group>"; };
		FA6B2C1B25E83360000478C1 /* Base */ = {isa = PBXFileReference; lastKnownFileType = file.storyboard; name = Base; path = Base.lproj/LaunchScreen.storyboard; sourceTree = "<group>"; };
		FA6B2C1D25E83360000478C1 /* Info.plist */ = {isa = PBXFileReference; lastKnownFileType = text.plist.xml; path = Info.plist; sourceTree = "<group>"; };
		FA6B2C2325E83F99000478C1 /* EventsTableViewController.swift */ = {isa = PBXFileReference; lastKnownFileType = sourcecode.swift; path = EventsTableViewController.swift; sourceTree = "<group>"; };
		FA9DBE2025E95F6C00AC3256 /* EventsShare.appex */ = {isa = PBXFileReference; explicitFileType = "wrapper.app-extension"; includeInIndex = 0; path = EventsShare.appex; sourceTree = BUILT_PRODUCTS_DIR; };
		FA9DBE2225E95F6C00AC3256 /* ShareViewController.swift */ = {isa = PBXFileReference; lastKnownFileType = sourcecode.swift; path = ShareViewController.swift; sourceTree = "<group>"; };
		FA9DBE2525E95F6C00AC3256 /* Base */ = {isa = PBXFileReference; lastKnownFileType = file.storyboard; name = Base; path = Base.lproj/MainInterface.storyboard; sourceTree = "<group>"; };
		FA9DBE2725E95F6C00AC3256 /* Info.plist */ = {isa = PBXFileReference; lastKnownFileType = text.plist.xml; path = Info.plist; sourceTree = "<group>"; };
		FA9DBE2F25E95FD300AC3256 /* EventsApp.entitlements */ = {isa = PBXFileReference; lastKnownFileType = text.plist.entitlements; path = EventsApp.entitlements; sourceTree = "<group>"; };
		FA9DBE3025E9ABC300AC3256 /* EventsShare.entitlements */ = {isa = PBXFileReference; lastKnownFileType = text.plist.entitlements; path = EventsShare.entitlements; sourceTree = "<group>"; };
		FAC43DF725E9B7300066846C /* CommonFeatures.swift */ = {isa = PBXFileReference; lastKnownFileType = sourcecode.swift; path = CommonFeatures.swift; sourceTree = "<group>"; };
		FAD995E225E8591D001F0884 /* EventViewController.swift */ = {isa = PBXFileReference; lastKnownFileType = sourcecode.swift; path = EventViewController.swift; sourceTree = "<group>"; };
/* End PBXFileReference section */

/* Begin PBXFrameworksBuildPhase section */
		FA6B2C0625E8335E000478C1 /* Frameworks */ = {
			isa = PBXFrameworksBuildPhase;
			buildActionMask = 2147483647;
			files = (
			);
			runOnlyForDeploymentPostprocessing = 0;
		};
		FA9DBE1D25E95F6C00AC3256 /* Frameworks */ = {
			isa = PBXFrameworksBuildPhase;
			buildActionMask = 2147483647;
			files = (
			);
			runOnlyForDeploymentPostprocessing = 0;
		};
/* End PBXFrameworksBuildPhase section */

/* Begin PBXGroup section */
		FA6B2C0025E8335E000478C1 = {
			isa = PBXGroup;
			children = (
				FAC43DF725E9B7300066846C /* CommonFeatures.swift */,
				FA60032F25E883CD00375787 /* Event+CoreDataClass.swift */,
				FA60033025E883CD00375787 /* Event+CoreDataProperties.swift */,
				FA6B2C0B25E8335E000478C1 /* EventsApp */,
				FA9DBE2125E95F6C00AC3256 /* EventsShare */,
				FA6B2C0A25E8335E000478C1 /* Products */,
			);
			sourceTree = "<group>";
		};
		FA6B2C0A25E8335E000478C1 /* Products */ = {
			isa = PBXGroup;
			children = (
				FA6B2C0925E8335E000478C1 /* EventsApp.app */,
				FA9DBE2025E95F6C00AC3256 /* EventsShare.appex */,
			);
			name = Products;
			sourceTree = "<group>";
		};
		FA6B2C0B25E8335E000478C1 /* EventsApp */ = {
			isa = PBXGroup;
			children = (
				FA9DBE2F25E95FD300AC3256 /* EventsApp.entitlements */,
				FA6B2C1525E8335E000478C1 /* EventsApp.xcdatamodeld */,
				FA6B2C0C25E8335E000478C1 /* AppDelegate.swift */,
				FA6B2C0E25E8335E000478C1 /* SceneDelegate.swift */,
				FA6B2C1225E8335E000478C1 /* Main.storyboard */,
				FA6B2C1825E83360000478C1 /* Assets.xcassets */,
				FA6B2C1A25E83360000478C1 /* LaunchScreen.storyboard */,
				FA6B2C1D25E83360000478C1 /* Info.plist */,
				FA6B2C2325E83F99000478C1 /* EventsTableViewController.swift */,
				FAD995E225E8591D001F0884 /* EventViewController.swift */,
			);
			path = EventsApp;
			sourceTree = "<group>";
		};
		FA9DBE2125E95F6C00AC3256 /* EventsShare */ = {
			isa = PBXGroup;
			children = (
				FA9DBE3025E9ABC300AC3256 /* EventsShare.entitlements */,
				FA9DBE2225E95F6C00AC3256 /* ShareViewController.swift */,
				FA9DBE2425E95F6C00AC3256 /* MainInterface.storyboard */,
				FA9DBE2725E95F6C00AC3256 /* Info.plist */,
			);
			path = EventsShare;
			sourceTree = "<group>";
		};
/* End PBXGroup section */

/* Begin PBXNativeTarget section */
		FA6B2C0825E8335E000478C1 /* EventsApp */ = {
			isa = PBXNativeTarget;
			buildConfigurationList = FA6B2C2025E83360000478C1 /* Build configuration list for PBXNativeTarget "EventsApp" */;
			buildPhases = (
				FA6B2C0525E8335E000478C1 /* Sources */,
				FA6B2C0625E8335E000478C1 /* Frameworks */,
				FA6B2C0725E8335E000478C1 /* Resources */,
				FA9DBE2B25E95F6C00AC3256 /* Embed App Extensions */,
			);
			buildRules = (
			);
			dependencies = (
				FA9DBE2925E95F6C00AC3256 /* PBXTargetDependency */,
			);
			name = EventsApp;
			productName = EventsApp;
			productReference = FA6B2C0925E8335E000478C1 /* EventsApp.app */;
			productType = "com.apple.product-type.application";
		};
		FA9DBE1F25E95F6C00AC3256 /* EventsShare */ = {
			isa = PBXNativeTarget;
			buildConfigurationList = FA9DBE2E25E95F6C00AC3256 /* Build configuration list for PBXNativeTarget "EventsShare" */;
			buildPhases = (
				FA9DBE1C25E95F6C00AC3256 /* Sources */,
				FA9DBE1D25E95F6C00AC3256 /* Frameworks */,
				FA9DBE1E25E95F6C00AC3256 /* Resources */,
			);
			buildRules = (
			);
			dependencies = (
			);
			name = EventsShare;
			productName = EventsShare;
			productReference = FA9DBE2025E95F6C00AC3256 /* EventsShare.appex */;
			productType = "com.apple.product-type.app-extension";
		};
/* End PBXNativeTarget section */

/* Begin PBXProject section */
		FA6B2C0125E8335E000478C1 /* Project object */ = {
			isa = PBXProject;
			attributes = {
				LastSwiftUpdateCheck = 1130;
				LastUpgradeCheck = 1130;
				ORGANIZATIONNAME = washinson;
				TargetAttributes = {
					FA6B2C0825E8335E000478C1 = {
						CreatedOnToolsVersion = 11.3.1;
					};
					FA9DBE1F25E95F6C00AC3256 = {
						CreatedOnToolsVersion = 11.3.1;
					};
				};
			};
			buildConfigurationList = FA6B2C0425E8335E000478C1 /* Build configuration list for PBXProject "EventsApp" */;
			compatibilityVersion = "Xcode 9.3";
			developmentRegion = en;
			hasScannedForEncodings = 0;
			knownRegions = (
				en,
				Base,
			);
			mainGroup = FA6B2C0025E8335E000478C1;
			productRefGroup = FA6B2C0A25E8335E000478C1 /* Products */;
			projectDirPath = "";
			projectRoot = "";
			targets = (
				FA6B2C0825E8335E000478C1 /* EventsApp */,
				FA9DBE1F25E95F6C00AC3256 /* EventsShare */,
			);
		};
/* End PBXProject section */

/* Begin PBXResourcesBuildPhase section */
		FA6B2C0725E8335E000478C1 /* Resources */ = {
			isa = PBXResourcesBuildPhase;
			buildActionMask = 2147483647;
			files = (
				FA6B2C1C25E83360000478C1 /* LaunchScreen.storyboard in Resources */,
				FA6B2C1925E83360000478C1 /* Assets.xcassets in Resources */,
				FA6B2C1425E8335E000478C1 /* Main.storyboard in Resources */,
			);
			runOnlyForDeploymentPostprocessing = 0;
		};
		FA9DBE1E25E95F6C00AC3256 /* Resources */ = {
			isa = PBXResourcesBuildPhase;
			buildActionMask = 2147483647;
			files = (
				FA9DBE2625E95F6C00AC3256 /* MainInterface.storyboard in Resources */,
			);
			runOnlyForDeploymentPostprocessing = 0;
		};
/* End PBXResourcesBuildPhase section */

/* Begin PBXSourcesBuildPhase section */
		FA6B2C0525E8335E000478C1 /* Sources */ = {
			isa = PBXSourcesBuildPhase;
			buildActionMask = 2147483647;
			files = (
				FA6B2C1725E8335E000478C1 /* EventsApp.xcdatamodeld in Sources */,
				FA6B2C0D25E8335E000478C1 /* AppDelegate.swift in Sources */,
				FAD995E325E8591D001F0884 /* EventViewController.swift in Sources */,
				FA60033225E883CD00375787 /* Event+CoreDataProperties.swift in Sources */,
				FA6B2C2425E83F99000478C1 /* EventsTableViewController.swift in Sources */,
				FAC43DF825E9B7300066846C /* CommonFeatures.swift in Sources */,
				FA60033125E883CD00375787 /* Event+CoreDataClass.swift in Sources */,
				FA6B2C0F25E8335E000478C1 /* SceneDelegate.swift in Sources */,
			);
			runOnlyForDeploymentPostprocessing = 0;
		};
		FA9DBE1C25E95F6C00AC3256 /* Sources */ = {
			isa = PBXSourcesBuildPhase;
			buildActionMask = 2147483647;
			files = (
				FAC43DFC25E9B9740066846C /* EventsApp.xcdatamodeld in Sources */,
				FA9DBE2325E95F6C00AC3256 /* ShareViewController.swift in Sources */,
				FAC43DFA25E9B73A0066846C /* Event+CoreDataClass.swift in Sources */,
				FAC43DFB25E9B73C0066846C /* Event+CoreDataProperties.swift in Sources */,
				FAC43DF925E9B7300066846C /* CommonFeatures.swift in Sources */,
			);
			runOnlyForDeploymentPostprocessing = 0;
		};
/* End PBXSourcesBuildPhase section */

/* Begin PBXTargetDependency section */
		FA9DBE2925E95F6C00AC3256 /* PBXTargetDependency */ = {
			isa = PBXTargetDependency;
			target = FA9DBE1F25E95F6C00AC3256 /* EventsShare */;
			targetProxy = FA9DBE2825E95F6C00AC3256 /* PBXContainerItemProxy */;
		};
/* End PBXTargetDependency section */

/* Begin PBXVariantGroup section */
		FA6B2C1225E8335E000478C1 /* Main.storyboard */ = {
			isa = PBXVariantGroup;
			children = (
				FA6B2C1325E8335E000478C1 /* Base */,
			);
			name = Main.storyboard;
			sourceTree = "<group>";
		};
		FA6B2C1A25E83360000478C1 /* LaunchScreen.storyboard */ = {
			isa = PBXVariantGroup;
			children = (
				FA6B2C1B25E83360000478C1 /* Base */,
			);
			name = LaunchScreen.storyboard;
			sourceTree = "<group>";
		};
		FA9DBE2425E95F6C00AC3256 /* MainInterface.storyboard */ = {
			isa = PBXVariantGroup;
			children = (
				FA9DBE2525E95F6C00AC3256 /* Base */,
			);
			name = MainInterface.storyboard;
			sourceTree = "<group>";
		};
/* End PBXVariantGroup section */

/* Begin XCBuildConfiguration section */
		FA6B2C1E25E83360000478C1 /* Debug */ = {
			isa = XCBuildConfiguration;
			buildSettings = {
				ALWAYS_SEARCH_USER_PATHS = NO;
				CLANG_ANALYZER_NONNULL = YES;
				CLANG_ANALYZER_NUMBER_OBJECT_CONVERSION = YES_AGGRESSIVE;
				CLANG_CXX_LANGUAGE_STANDARD = "gnu++14";
				CLANG_CXX_LIBRARY = "libc++";
				CLANG_ENABLE_MODULES = YES;
				CLANG_ENABLE_OBJC_ARC = YES;
				CLANG_ENABLE_OBJC_WEAK = YES;
				CLANG_WARN_BLOCK_CAPTURE_AUTORELEASING = YES;
				CLANG_WARN_BOOL_CONVERSION = YES;
				CLANG_WARN_COMMA = YES;
				CLANG_WARN_CONSTANT_CONVERSION = YES;
				CLANG_WARN_DEPRECATED_OBJC_IMPLEMENTATIONS = YES;
				CLANG_WARN_DIRECT_OBJC_ISA_USAGE = YES_ERROR;
				CLANG_WARN_DOCUMENTATION_COMMENTS = YES;
				CLANG_WARN_EMPTY_BODY = YES;
				CLANG_WARN_ENUM_CONVERSION = YES;
				CLANG_WARN_INFINITE_RECURSION = YES;
				CLANG_WARN_INT_CONVERSION = YES;
				CLANG_WARN_NON_LITERAL_NULL_CONVERSION = YES;
				CLANG_WARN_OBJC_IMPLICIT_RETAIN_SELF = YES;
				CLANG_WARN_OBJC_LITERAL_CONVERSION = YES;
				CLANG_WARN_OBJC_ROOT_CLASS = YES_ERROR;
				CLANG_WARN_RANGE_LOOP_ANALYSIS = YES;
				CLANG_WARN_STRICT_PROTOTYPES = YES;
				CLANG_WARN_SUSPICIOUS_MOVE = YES;
				CLANG_WARN_UNGUARDED_AVAILABILITY = YES_AGGRESSIVE;
				CLANG_WARN_UNREACHABLE_CODE = YES;
				CLANG_WARN__DUPLICATE_METHOD_MATCH = YES;
				COPY_PHASE_STRIP = NO;
				DEBUG_INFORMATION_FORMAT = dwarf;
				ENABLE_STRICT_OBJC_MSGSEND = YES;
				ENABLE_TESTABILITY = YES;
				GCC_C_LANGUAGE_STANDARD = gnu11;
				GCC_DYNAMIC_NO_PIC = NO;
				GCC_NO_COMMON_BLOCKS = YES;
				GCC_OPTIMIZATION_LEVEL = 0;
				GCC_PREPROCESSOR_DEFINITIONS = (
					"DEBUG=1",
					"$(inherited)",
				);
				GCC_WARN_64_TO_32_BIT_CONVERSION = YES;
				GCC_WARN_ABOUT_RETURN_TYPE = YES_ERROR;
				GCC_WARN_UNDECLARED_SELECTOR = YES;
				GCC_WARN_UNINITIALIZED_AUTOS = YES_AGGRESSIVE;
				GCC_WARN_UNUSED_FUNCTION = YES;
				GCC_WARN_UNUSED_VARIABLE = YES;
				IPHONEOS_DEPLOYMENT_TARGET = 13.2;
				MTL_ENABLE_DEBUG_INFO = INCLUDE_SOURCE;
				MTL_FAST_MATH = YES;
				ONLY_ACTIVE_ARCH = YES;
				SDKROOT = iphoneos;
				SWIFT_ACTIVE_COMPILATION_CONDITIONS = DEBUG;
				SWIFT_OPTIMIZATION_LEVEL = "-Onone";
			};
			name = Debug;
		};
		FA6B2C1F25E83360000478C1 /* Release */ = {
			isa = XCBuildConfiguration;
			buildSettings = {
				ALWAYS_SEARCH_USER_PATHS = NO;
				CLANG_ANALYZER_NONNULL = YES;
				CLANG_ANALYZER_NUMBER_OBJECT_CONVERSION = YES_AGGRESSIVE;
				CLANG_CXX_LANGUAGE_STANDARD = "gnu++14";
				CLANG_CXX_LIBRARY = "libc++";
				CLANG_ENABLE_MODULES = YES;
				CLANG_ENABLE_OBJC_ARC = YES;
				CLANG_ENABLE_OBJC_WEAK = YES;
				CLANG_WARN_BLOCK_CAPTURE_AUTORELEASING = YES;
				CLANG_WARN_BOOL_CONVERSION = YES;
				CLANG_WARN_COMMA = YES;
				CLANG_WARN_CONSTANT_CONVERSION = YES;
				CLANG_WARN_DEPRECATED_OBJC_IMPLEMENTATIONS = YES;
				CLANG_WARN_DIRECT_OBJC_ISA_USAGE = YES_ERROR;
				CLANG_WARN_DOCUMENTATION_COMMENTS = YES;
				CLANG_WARN_EMPTY_BODY = YES;
				CLANG_WARN_ENUM_CONVERSION = YES;
				CLANG_WARN_INFINITE_RECURSION = YES;
				CLANG_WARN_INT_CONVERSION = YES;
				CLANG_WARN_NON_LITERAL_NULL_CONVERSION = YES;
				CLANG_WARN_OBJC_IMPLICIT_RETAIN_SELF = YES;
				CLANG_WARN_OBJC_LITERAL_CONVERSION = YES;
				CLANG_WARN_OBJC_ROOT_CLASS = YES_ERROR;
				CLANG_WARN_RANGE_LOOP_ANALYSIS = YES;
				CLANG_WARN_STRICT_PROTOTYPES = YES;
				CLANG_WARN_SUSPICIOUS_MOVE = YES;
				CLANG_WARN_UNGUARDED_AVAILABILITY = YES_AGGRESSIVE;
				CLANG_WARN_UNREACHABLE_CODE = YES;
				CLANG_WARN__DUPLICATE_METHOD_MATCH = YES;
				COPY_PHASE_STRIP = NO;
				DEBUG_INFORMATION_FORMAT = "dwarf-with-dsym";
				ENABLE_NS_ASSERTIONS = NO;
				ENABLE_STRICT_OBJC_MSGSEND = YES;
				GCC_C_LANGUAGE_STANDARD = gnu11;
				GCC_NO_COMMON_BLOCKS = YES;
				GCC_WARN_64_TO_32_BIT_CONVERSION = YES;
				GCC_WARN_ABOUT_RETURN_TYPE = YES_ERROR;
				GCC_WARN_UNDECLARED_SELECTOR = YES;
				GCC_WARN_UNINITIALIZED_AUTOS = YES_AGGRESSIVE;
				GCC_WARN_UNUSED_FUNCTION = YES;
				GCC_WARN_UNUSED_VARIABLE = YES;
				IPHONEOS_DEPLOYMENT_TARGET = 13.2;
				MTL_ENABLE_DEBUG_INFO = NO;
				MTL_FAST_MATH = YES;
				SDKROOT = iphoneos;
				SWIFT_COMPILATION_MODE = wholemodule;
				SWIFT_OPTIMIZATION_LEVEL = "-O";
				VALIDATE_PRODUCT = YES;
			};
			name = Release;
		};
		FA6B2C2125E83360000478C1 /* Debug */ = {
			isa = XCBuildConfiguration;
			buildSettings = {
				ALWAYS_EMBED_SWIFT_STANDARD_LIBRARIES = YES;
				ASSETCATALOG_COMPILER_APPICON_NAME = AppIcon;
				CODE_SIGN_ENTITLEMENTS = EventsApp/EventsApp.entitlements;
				CODE_SIGN_STYLE = Automatic;
				DEVELOPMENT_TEAM = YVF29YMA26;
				INFOPLIST_FILE = EventsApp/Info.plist;
				LD_RUNPATH_SEARCH_PATHS = (
					"$(inherited)",
					"@executable_path/Frameworks",
				);
				PRODUCT_BUNDLE_IDENTIFIER = com.washinson.EventsApp;
				PRODUCT_NAME = "$(TARGET_NAME)";
				SWIFT_VERSION = 5.0;
				TARGETED_DEVICE_FAMILY = "1,2";
			};
			name = Debug;
		};
		FA6B2C2225E83360000478C1 /* Release */ = {
			isa = XCBuildConfiguration;
			buildSettings = {
				ALWAYS_EMBED_SWIFT_STANDARD_LIBRARIES = YES;
				ASSETCATALOG_COMPILER_APPICON_NAME = AppIcon;
				CODE_SIGN_ENTITLEMENTS = EventsApp/EventsApp.entitlements;
				CODE_SIGN_STYLE = Automatic;
				DEVELOPMENT_TEAM = YVF29YMA26;
				INFOPLIST_FILE = EventsApp/Info.plist;
				LD_RUNPATH_SEARCH_PATHS = (
					"$(inherited)",
					"@executable_path/Frameworks",
				);
				PRODUCT_BUNDLE_IDENTIFIER = com.washinson.EventsApp;
				PRODUCT_NAME = "$(TARGET_NAME)";
				SWIFT_VERSION = 5.0;
				TARGETED_DEVICE_FAMILY = "1,2";
			};
			name = Release;
		};
		FA9DBE2C25E95F6C00AC3256 /* Debug */ = {
			isa = XCBuildConfiguration;
			buildSettings = {
				CODE_SIGN_ENTITLEMENTS = EventsShare/EventsShare.entitlements;
				CODE_SIGN_STYLE = Automatic;
				DEVELOPMENT_TEAM = YVF29YMA26;
				INFOPLIST_FILE = EventsShare/Info.plist;
				LD_RUNPATH_SEARCH_PATHS = (
					"$(inherited)",
					"@executable_path/Frameworks",
					"@executable_path/../../Frameworks",
				);
				PRODUCT_BUNDLE_IDENTIFIER = com.washinson.EventsApp.EventsShare;
				PRODUCT_NAME = "$(TARGET_NAME)";
				SKIP_INSTALL = YES;
				SWIFT_VERSION = 5.0;
				TARGETED_DEVICE_FAMILY = "1,2";
			};
			name = Debug;
		};
		FA9DBE2D25E95F6C00AC3256 /* Release */ = {
			isa = XCBuildConfiguration;
			buildSettings = {
				CODE_SIGN_ENTITLEMENTS = EventsShare/EventsShare.entitlements;
				CODE_SIGN_STYLE = Automatic;
				DEVELOPMENT_TEAM = YVF29YMA26;
				INFOPLIST_FILE = EventsShare/Info.plist;
				LD_RUNPATH_SEARCH_PATHS = (
					"$(inherited)",
					"@executable_path/Frameworks",
					"@executable_path/../../Frameworks",
				);
				PRODUCT_BUNDLE_IDENTIFIER = com.washinson.EventsApp.EventsShare;
				PRODUCT_NAME = "$(TARGET_NAME)";
				SKIP_INSTALL = YES;
				SWIFT_VERSION = 5.0;
				TARGETED_DEVICE_FAMILY = "1,2";
			};
			name = Release;
		};
/* End XCBuildConfiguration section */

/* Begin XCConfigurationList section */
		FA6B2C0425E8335E000478C1 /* Build configuration list for PBXProject "EventsApp" */ = {
			isa = XCConfigurationList;
			buildConfigurations = (
				FA6B2C1E25E83360000478C1 /* Debug */,
				FA6B2C1F25E83360000478C1 /* Release */,
			);
			defaultConfigurationIsVisible = 0;
			defaultConfigurationName = Release;
		};
		FA6B2C2025E83360000478C1 /* Build configuration list for PBXNativeTarget "EventsApp" */ = {
			isa = XCConfigurationList;
			buildConfigurations = (
				FA6B2C2125E83360000478C1 /* Debug */,
				FA6B2C2225E83360000478C1 /* Release */,
			);
			defaultConfigurationIsVisible = 0;
			defaultConfigurationName = Release;
		};
		FA9DBE2E25E95F6C00AC3256 /* Build configuration list for PBXNativeTarget "EventsShare" */ = {
			isa = XCConfigurationList;
			buildConfigurations = (
				FA9DBE2C25E95F6C00AC3256 /* Debug */,
				FA9DBE2D25E95F6C00AC3256 /* Release */,
			);
			defaultConfigurationIsVisible = 0;
			defaultConfigurationName = Release;
		};
/* End XCConfigurationList section */

/* Begin XCVersionGroup section */
		FA6B2C1525E8335E000478C1 /* EventsApp.xcdatamodeld */ = {
			isa = XCVersionGroup;
			children = (
				FA6B2C1625E8335E000478C1 /* EventsApp.xcdatamodel */,
			);
			currentVersion = FA6B2C1625E8335E000478C1 /* EventsApp.xcdatamodel */;
			path = EventsApp.xcdatamodeld;
			sourceTree = "<group>";
			versionGroupType = wrapper.xcdatamodel;
		};
/* End XCVersionGroup section */
	};
	rootObject = FA6B2C0125E8335E000478C1 /* Project object */;
}
